
Microsoft Visual Studio Solution File, Format Version 12.00
# Visual Studio Version 16
VisualStudioVersion = 16.0.29613.14
MinimumVisualStudioVersion = 10.0.40219.1
Project("{FAE04EC0-301F-11D3-BF4B-00C04F79EFBC}") = "EmpProj", "EmpProj\EmpProj.csproj", "{7BFA3A38-3F88-4C69-82D4-CDBF2C8D1A39}"
EndProject
Global
	GlobalSection(SolutionConfigurationPlatforms) = preSolution
		Debug|Any CPU = Debug|Any CPU
		Release|Any CPU = Release|Any CPU
	EndGlobalSection
	GlobalSection(ProjectConfigurationPlatforms) = postSolution
		{7BFA3A38-3F88-4C69-82D4-CDBF2C8D1A39}.Debug|Any CPU.ActiveCfg = Debug|Any CPU
		{7BFA3A38-3F88-4C69-82D4-CDBF2C8D1A39}.Debug|Any CPU.Build.0 = Debug|Any CPU
		{7BFA3A38-3F88-4C69-82D4-CDBF2C8D1A39}.Release|Any CPU.ActiveCfg = Release|Any CPU
		{7BFA3A38-3F88-4C69-82D4-CDBF2C8D1A39}.Release|Any CPU.Build.0 = Release|Any CPU
	EndGlobalSection
	GlobalSection(SolutionProperties) = preSolution
		HideSolutionNode = FALSE
	EndGlobalSection
	GlobalSection(ExtensibilityGlobals) = postSolution
		SolutionGuid = {CE81163C-D8F7-43F0-B0E4-79379FE72861}
	EndGlobalSection
EndGlobal
